github.com/nickwells/check.mod/v2 v2.1.29 h1:F0lysi+/OJKwgpEKq7mOwadk6ihrauRm9yyTHHMyw3M=
github.com/nickwells/check.mod/v2 v2.1.29/go.mod h1:dmpEJk2imjH8cULMGqmQ2h7FAbT+wOTmK5OBpghnzyM=
github.com/nickwells/checksetter.mod/v4 v4.0.33 h1:SAcUgagmkF4Kl9QtiK4KbEYffWJ2y086Lnz/k73Sghg=
github.com/nickwells/checksetter.mod/v4 v4.0.33/go.mod h1:DoD9DwMmsAxn2HK3EtYs5XQntmdGzK5h9/NidV4MQ+g=
github.com/nickwells/col.mod/v6 v6.1.1 h1:84LEl2KW69D2rQ5CDDcMRPPU6UntrKRwWzR7btCB35A=
github.com/nickwells/col.mod/v6 v6.1.1/go.mod h1:jqQ767lHvv58+zJBAf7dN3bE5rY1JebogqFJHbT6yeg=
github.com/nickwells/english.mod v1.2.10 h1:2juLjjfsB1PXW6bD9TELd5Tlwd5eMT6fiXjyl/lOXA8=
github.com/nickwells/english.mod v1.2.10/go.mod h1:g4pvxjm+hDA8VmloAbcApux6n0iFTGeTtMCNGFUA5vI=
github.com/nickwells/errutil.mod v1.2.24 h1:fI4SwQ+W9BToZ8khEloYmnKhQw3d6Qv0tHjrPKoGcSg=
github.com/nickwells/errutil.mod v1.2.24/go.mod h1:ZNONpFP+2DRO9IoJ8+D6JJUy2OhtPB1R2g1KgIp2LnQ=
github.com/nickwells/filecheck.mod v1.2.13 h1:cTzWeIN0z8b+rBYLnWM31TBeBNDhDEwfbnjOyLBHwfc=
github.com/nickwells/filecheck.mod v1.2.13/go.mod h1:HKvRf/OfEDvs6xLuDMtUVk1TuyqHTzXCo9SVZ1kgR/M=
github.com/nickwells/fileparse.mod v1.1.39 h1:4DtaAE6MBzvitruaxDoF7sOepjDrjHyxEaaoUAmx8sQ=
github.com/nickwells/fileparse.mod v1.1.39/go.mod h1:pezd42YWcQ9PJ3LnoSLE/+MrsMDvN+JnC+wM0Tqrxso=
github.com/nickwells/location.mod v1.2.37 h1:6Tu0m3y7sBCd2TVJeqwXwUavqNx9EELA+V78xue/9CA=
github.com/nickwells/location.mod v1.2.37/go.mod h1:eb+VBBhcPvn4wyeAthau1VPA7YWuM6VFZVj5IFobP5w=
github.com/nickwells/mathutil.mod/v2 v2.5.11 h1:NZd6DcQlkorpUVV6W6dt3RJsQDSldT0DgXHAN9mAxZg=
github.com/nickwells/mathutil.mod/v2 v2.5.11/go.mod h1:3sZumgf0qtVdA3yRHqx5pCotccjTnmQU6SX1MGOgnYU=
github.com/nickwells/pager.mod v1.1.0 h1:aQz49pzbl4fhTm1CsbZ38tGJCI8AVn5H3jfIB1/B5d0=
github.com/nickwells/pager.mod v1.1.0/go.mod h1:OGWcVtaTPzCTghzTGqaFMhXxY6eeEx7B5bD3QZY/TwU=
github.com/nickwells/param.mod/v7 v7.2.1 h1:oQmof3E7v9N5/G/T7yLrOfMRtxVcOSCoY1e6+Nj/j8s=
github.com/nickwells/param.mod/v7 v7.2.1/go.mod h1:E66GIhdvT8Arqp9xcqyyhGTTr5V1wsG12kMzJ2Vhhm8=
github.com/nickwells/semver.mod/v3 v3.2.3 h1:drazLm4RU4bk/W+HBa234Hl0vf4KKNIm/0Eyc2RlEM0=
github.com/nickwells/semver.mod/v3 v3.2.3/go.mod h1:BmG6tXOlErtN+4gvCqjQpcPV8f0kSYnG6SSuqfqrfIw=
github.com/nickwells/semverparams.mod/v6 v6.2.29 h1:jcsDoVBu+lj45EPVQkNau+BiTuZjlio/fDldDi0kYEk=
github.com/nickwells/semverparams.mod/v6 v6.2.29/go.mod h1:g/NEirNAFK/TDRJQlmvC9zpDJgZarwhBeLefyFkMYqc=
github.com/nickwells/strdist.mod/v2 v2.1.2 h1:YCYd+xhYA6uaFfw6gNKPneEgAioJkz0UD9zOFQFtSKk=
github.com/nickwells/strdist.mod/v2 v2.1.2/go.mod h1:f1xw0L6xS/aFem3akuFbsBTGmn90IiFlUZO8RXLuYbQ=
github.com/nickwells/tempus.mod v1.2.11 h1:v+2zrjwwCbJcNpQCpNkNCnUg7yAJDkCxyAXFp9a47gU=
github.com/nickwells/tempus.mod v1.2.11/go.mod h1:F1tSg7d0w61yNs0Ho4kUA+cnxHQFQAqWWTIyDyJSi0M=
github.com/nickwells/testhelper.mod/v2 v2.6.1 h1:bz9i+YPyR+L1s0iM0/fiBmJ8mUAl6BPAjsp/l00wYYI=
github.com/nickwells/testhelper.mod/v2 v2.6.1/go.mod h1:MKIJiDiPNgn4r7/46XG5aclWV0eu0mlSqzsPLadi2V8=
github.com/nickwells/twrap.mod v1.5.14 h1:nnxmHEbDP8Zgk3PbvRftDrQegvpuuoo/fmWemyD4R4I=
github.com/nickwells/twrap.mod v1.5.14/go.mod h1:76RJY0eoScPwNp28C28BTFqF9ZV7kdoJNx28+fNt+aI=
github.com/nickwells/versionparams.mod v1.2.25 h1:gAFaVOCg/31TSwZ+D2V/rGtrmJ5N3VMxhk1ZCMKzh2E=
github.com/nickwells/versionparams.mod v1.2.25/go.mod h1:wTL46hhFdZdXWHEtRPzD7PCVQf8TuEKjGr/wuMA4DTc=
github.com/nickwells/xdg.mod v1.0.12 h1:eJSlyYXHNLBnj/Uyh52xyRTR+7PxCq9PWu4W9eIP/9o=
github.com/nickwells/xdg.mod v1.0.12/go.mod h1:QNimXjvv0GmffSeFPbrgBJ15N+uCmRAFOTRyBZiDphU=
golang.org/x/exp v0.0.0-20260410095643-746e56fc9e2f h1:W3F4c+6OLc6H2lb//N1q4WpJkhzJCK5J6kUi1NTVXfM=
golang.org/x/exp v0.0.0-20260410095643-746e56fc9e2f/go.mod h1:J1xhfL/vlindoeF/aINzNzt2Bket5bjo9sdOYzOsU80=
golang.org/x/sys v0.43.0 h1:Rlag2XtaFTxp19wS8MXlJwTvoh8ArU6ezoyFsMyCTNI=
golang.org/x/sys v0.43.0/go.mod h1:4GL1E5IUh+htKOUEOaiffhrAeqysfVGipDYzABqnCmw=
golang.org/x/term v0.42.0 h1:UiKe+zDFmJobeJ5ggPwOshJIVt6/Ft0rcfrXZDLWAWY=
golang.org/x/term v0.42.0/go.mod h1:Dq/D+snpsbazcBG5+F9Q1n2rXV8Ma+71xEjTRufARgY=
