github.com/nickwells/check.mod v1.6.3 h1:rSB9qLz3DPTO3mMSOXbAUV3sd+7yg1B2Bg7l61Npkyc=
github.com/nickwells/check.mod v1.6.3/go.mod h1:nKViNCiokqcWXoYXYZeIHE/mY4dcyWMn4oS/gHnhmy8=
github.com/nickwells/checksetter.mod/v3 v3.0.10 h1:U0F1Fr+MHvgMSRvU2ad98cJl24D1Hnz3EHM1sSJ4QoI=
github.com/nickwells/checksetter.mod/v3 v3.0.10/go.mod h1:xBHTPb77P84BDiAtquiZOZiSwQzPpuwf8nkkoR6UB9o=
github.com/nickwells/filecheck.mod v1.1.1 h1:aF0cEFfvCbWoBQ3K30e7x7o97QahT2YjiOjgj+F5pFs=
github.com/nickwells/filecheck.mod v1.1.1/go.mod h1:+B1e0d2Pn10gdaPuOsd8z5A0H8Ux4gTjg9QlAHZDqZY=
github.com/nickwells/fileparse.mod v1.1.11 h1:/XuvWSPEWvjEP+XuLlnIo4tNNdZkGSjVIPNxJI5JDvc=
github.com/nickwells/fileparse.mod v1.1.11/go.mod h1:ziXugq0NpWtpeRtt1wTLYB3djMSbIbMylETlYJboJZ4=
github.com/nickwells/location.mod v1.2.7 h1:PLeVbT1maPtY8l2z2GbaA0+6eljFLJcYDh4OZ4mECFE=
github.com/nickwells/location.mod v1.2.7/go.mod h1:4rGKegdBCWxkO3CW1vp0D22mAw0NREzPI9riMo+yr0Y=
github.com/nickwells/mathutil.mod v1.0.9 h1:z7vVqJLbUbv7fx8vqAW0gnHNzVdnWdK0SemDvWzWZD4=
github.com/nickwells/mathutil.mod v1.0.9/go.mod h1:6hmKAS+zzc3yXlmpkO3478ZcCCaKDlFlfvkfkDMJ+rI=
github.com/nickwells/param.mod/v5 v5.0.6 h1:IV/Jo2X6LOP/4DW502b0CyT0S9sgVj8VNvVXy1Yvu40=
github.com/nickwells/param.mod/v5 v5.0.6/go.mod h1:1aZ6mCAzLUgOdDw1LTE9ASH4DsiSyoi/Cz1KCJHorUk=
github.com/nickwells/semver.mod v1.3.10 h1:qG9+yNhED2LhsPUqan5CI4saZ2XqzTKLRE8Lm2jODY0=
github.com/nickwells/semver.mod v1.3.10/go.mod h1:DR/thjkzm5VjjwfJLqvWj5tWL71lH3y1EBX4yYuRhqE=
github.com/nickwells/semverparams.mod/v4 v4.0.6 h1:1zrdZt0lBQBkBVfcySognkzXpQ5L2B7DxFKEzcp2em8=
github.com/nickwells/semverparams.mod/v4 v4.0.6/go.mod h1:DLOteWPhcujUwTtSJHbxPVQ3WQndTshpAEj7htGK4xY=
github.com/nickwells/strdist.mod v1.0.12 h1:32bb55A7vQBUk9Qy4q7aNtEIcPCqBdLOcxmshUsEiqQ=
github.com/nickwells/strdist.mod v1.0.12/go.mod h1:FlwqM8fl7+hA5UFq+8YiPfWCbAILOjN6aLMjwF2Fs70=
github.com/nickwells/testhelper.mod v1.4.1 h1:bpd/G2oBzfDOY22eineHAhOMrAmZo3Q80P3gA+Wkz+c=
github.com/nickwells/testhelper.mod v1.4.1/go.mod h1:Ct/U2PjL0n9hGc+US6uR/s4NxSRI33NM+0ZkrDkG0XI=
github.com/nickwells/twrap.mod v1.4.0 h1:tA78lgB4VJXO1qmoeii1Q/CCKfg+4Lq/fyuxk5Rupjc=
github.com/nickwells/twrap.mod v1.4.0/go.mod h1:HhwQ4N5XcXNyNUo//o5DZZAqs1UzSmU/JEQJu9rNt6s=
github.com/nickwells/xdg.mod v1.0.2 h1:rmQPX4dTfxTtUeoRQfkMbPCzUDwN2zP6eNwTYyBcn8w=
github.com/nickwells/xdg.mod v1.0.2/go.mod h1:h8lRJMpY6oXdD6E3jJuolpO9QJE5FcTvUe8eyRzgyQo=
