github.com/nickwells/check.mod/v2 v2.1.20 h1:DaH+acG/CqWlYF5GIpVET0MWKN2Rbovvc9+Z/KlomBk=
github.com/nickwells/check.mod/v2 v2.1.20/go.mod h1:3nVHJyq8YULVyIwJ3ykYaAnitQFOQcdYVSN13NDRqpA=
github.com/nickwells/checksetter.mod/v4 v4.0.19 h1:GRC+C70e/7YXilhdba1LwkAfMbCH4HJg7PV18YUbKGc=
github.com/nickwells/checksetter.mod/v4 v4.0.19/go.mod h1:40+NqULfg+7Bt5010Nj9a+5R9lO6MN4DByBXZwZpgwo=
github.com/nickwells/col.mod/v4 v4.0.3 h1:ruXO6KEEiNXgTmCaFgTlv2QNTtQc8vTs+SZxfJwa99k=
github.com/nickwells/col.mod/v4 v4.0.3/go.mod h1:7Tdrz9mYily2ArVe0IcQulYZgEoQnEBLqMC26M2LaEg=
github.com/nickwells/english.mod v1.2.1 h1:E033M7TUsgawy91iXKiYkI2GN66dt5lsELDyKOqN6uQ=
github.com/nickwells/english.mod v1.2.1/go.mod h1:TFWBN67jRqEvYmfi65+ZOX+ZjndPtkomnN3mNaKamr4=
github.com/nickwells/errutil.mod v1.2.17 h1:mVGwXl/IQbA5plEFEq1r6kWIWhdUyvoGEr/ZZVfuQYU=
github.com/nickwells/errutil.mod v1.2.17/go.mod h1:hUPui45k4TFESllSsPFgSP09wn4mqtqXexAwSv3jY4E=
github.com/nickwells/filecheck.mod v1.2.5 h1:upiv/nsVTjazkuhS5P75+2lZK4tvNO8W9e7QU6Chi6U=
github.com/nickwells/filecheck.mod v1.2.5/go.mod h1:MOTk+cKqyx0UiBOQlTxOVgSNbq+2qeNU5IbpGiQVRKk=
github.com/nickwells/fileparse.mod v1.1.33 h1:lFSGUVP4GjDRtRTgbKSdkwEFNw51bztkySQZ5leyfBc=
github.com/nickwells/fileparse.mod v1.1.33/go.mod h1:14TcJ6LxoA0KnaCyUDq1sDFZJMXSywn77Z2kL4ZWwHE=
github.com/nickwells/location.mod v1.2.29 h1:l5ZWXUl/5IkAzkLZ/OppoYQLPo2pCfls9Jjg4NkAoNQ=
github.com/nickwells/location.mod v1.2.29/go.mod h1:tXaVngtVnIDk8rC39HGVBQALmDbrxKL6RYbsYH09Zms=
github.com/nickwells/mathutil.mod/v2 v2.5.2 h1:F45EC9DMdCwA//cRj/WWy828M5fdFK5XJKrr1/Ujh2A=
github.com/nickwells/mathutil.mod/v2 v2.5.2/go.mod h1:wpi5yiROCDAp9hjPXIY8vPj2wYlRCRJ2CO8/4x1NMeY=
github.com/nickwells/pager.mod v1.0.13 h1:WK6jom2JGS6GqpHLnMZTgLXLgK6htDwlD3+lPLkcovc=
github.com/nickwells/pager.mod v1.0.13/go.mod h1:Ym8cMsi1yTo9Dv1fpJKqZhfk3QT6rduQ+MUAmges9PE=
github.com/nickwells/param.mod/v6 v6.3.0 h1:wZt+w3HE9SmVa/NG0AhDE6LU2efEJ+Zh+2I5neJHShY=
github.com/nickwells/param.mod/v6 v6.3.0/go.mod h1:TiJMAe6Ri7iP8Y2B3EPFDRQXYlzZeuNbekmsr4QNYVI=
github.com/nickwells/semver.mod/v3 v3.1.11 h1:sSKh25xFhSNTi/+jQKRrWS2lSd0UvVppuogOz0NfawE=
github.com/nickwells/semver.mod/v3 v3.1.11/go.mod h1:bCKRCvPmzqzd51T1IbBVYb2ppr+zv8UhI0FW9FPWaVU=
github.com/nickwells/semverparams.mod/v6 v6.2.18 h1:l8Z0GxlqMJqIsVqMj0H3f0P1fCAG4gds8LsfJZq3QVU=
github.com/nickwells/semverparams.mod/v6 v6.2.18/go.mod h1:N4fnuzooserPRr3pnaMuiWdmmTFKPlPDdsOSB4B90dg=
github.com/nickwells/strdist.mod/v2 v2.0.3 h1:tGlG5KgVxpV0NlnBMRm1i8E+NKLhdci2bs2A+YcTfSo=
github.com/nickwells/strdist.mod/v2 v2.0.3/go.mod h1:AdKcYJB5klbp/w3MadC/zZaVqbSs7TD0aCTyuh+YorI=
github.com/nickwells/tempus.mod v1.2.5 h1:DkKq60me+2PD8bABP/iGj2ILITxMg9Z1l0FIU0E7MHw=
github.com/nickwells/tempus.mod v1.2.5/go.mod h1:YTNRPlzf941Yl1dW7D5rfFqZQXyobjvdvKnJjGd++2w=
github.com/nickwells/testhelper.mod/v2 v2.3.2 h1:LQJCuwE8X1i++n5Urju8bEgDcxjzBjgV6ngb0y3TB+8=
github.com/nickwells/testhelper.mod/v2 v2.3.2/go.mod h1:sqfsJGl4kHsjaFeHMnitr54GVR5GWX6RN693zSPonOg=
github.com/nickwells/twrap.mod v1.5.7 h1:OJQjRdnrQ0nGx/+1jbsgNbaoT/P2qGtl3UhOYshLTQA=
github.com/nickwells/twrap.mod v1.5.7/go.mod h1:/1n7gGlG1ukxsoyOTElM4vbtJsNWCpDbSEZ8WoyQegM=
github.com/nickwells/versionparams.mod v1.2.14 h1:azzeLrynOpCrlOY2S2/h6snoD5QL79JIrPyX6EXAGDs=
github.com/nickwells/versionparams.mod v1.2.14/go.mod h1:02vUmt/z9lRhWSeDekXY+U71HOXBBfFQXo+BTSih7ec=
github.com/nickwells/xdg.mod v1.0.10 h1:5VtR7yUy+r9xm5Rnt3PkTzvmlq8ZeLRPJsWtCWl7KAs=
github.com/nickwells/xdg.mod v1.0.10/go.mod h1:A9TRwwLG/nHo8snq4XHjPteDNAVHYRwPUo54CAwhTEA=
golang.org/x/exp v0.0.0-20250408133849-7e4ce0ab07d0 h1:R84qjqJb5nVJMxqWYb3np9L5ZsaDtB+a39EqjV0JSUM=
golang.org/x/exp v0.0.0-20250408133849-7e4ce0ab07d0/go.mod h1:S9Xr4PYopiDyqSyp5NjCrhFrqg6A5zA2E/iPHPhqnS8=
golang.org/x/sys v0.32.0 h1:s77OFDvIQeibCmezSnk/q6iAfkdiQaJi4VzroCFrN20=
golang.org/x/sys v0.32.0/go.mod h1:BJP2sWEmIv4KK5OTEluFJCKSidICx8ciO85XgH3Ak8k=
golang.org/x/term v0.31.0 h1:erwDkOK1Msy6offm1mOgvspSkslFnIGsFnxOKoufg3o=
golang.org/x/term v0.31.0/go.mod h1:R4BeIy7D95HzImkxGkTW1UQTtP54tio2RyHz7PwK0aw=
